<?xml version="1.0" encoding="utf-8"?>
<Project ToolsVersion="4.0" xmlns="http://schemas.microsoft.com/developer/msbuild/2003">
  <ItemGroup>
    <Filter Include="Файлы исходного кода">
      <UniqueIdentifier>{4FC737F1-C7A5-4376-A066-2A32D752A2FF}</UniqueIdentifier>
      <Extensions>cpp;c;cc;cxx;def;odl;idl;hpj;bat;asm;asmx</Extensions>
    </Filter>
    <Filter Include="Заголовочные файлы">
      <UniqueIdentifier>{93995380-89BD-4b04-88EB-625FBE52EBFB}</UniqueIdentifier>
      <Extensions>h;hh;hpp;hxx;hm;inl;inc;xsd</Extensions>
    </Filter>
    <Filter Include="Файлы ресурсов">
      <UniqueIdentifier>{67DA6AB6-F800-4c08-8B7A-83BB121AAD01}</UniqueIdentifier>
      <Extensions>rc;ico;cur;bmp;dlg;rc2;rct;bin;rgs;gif;jpg;jpeg;jpe;resx;tiff;tif;png;wav;mfcribbon-ms</Extensions>
    </Filter>
    <Filter Include="Заголовочные файлы\Figures">
      <UniqueIdentifier>{9753a598-48a2-4617-a74f-62a866841ce5}</UniqueIdentifier>
    </Filter>
    <Filter Include="Файлы исходного кода\Figures">
      <UniqueIdentifier>{5e7063f6-f1be-4184-a66e-50b810add768}</UniqueIdentifier>
    </Filter>
    <Filter Include="Заголовочные файлы\Templates">
      <UniqueIdentifier>{1f08d0c4-2128-4594-ae1d-3d988eb51a96}</UniqueIdentifier>
    </Filter>
    <Filter Include="Заголовочные файлы\Default">
      <UniqueIdentifier>{d196bf7f-9b2d-4fdb-84b0-014c17a93144}</UniqueIdentifier>
    </Filter>
    <Filter Include="Файлы исходного кода\Default">
      <UniqueIdentifier>{f2f74718-6f8b-4d4d-96c9-358e512cb34f}</UniqueIdentifier>
    </Filter>
  </ItemGroup>
  <ItemGroup>
    <ClInclude Include="SmallPaint.h">
      <Filter>Заголовочные файлы</Filter>
    </ClInclude>
    <ClInclude Include="Chord.h">
      <Filter>Заголовочные файлы\Figures</Filter>
    </ClInclude>
    <ClInclude Include="Ellipse.h">
      <Filter>Заголовочные файлы\Figures</Filter>
    </ClInclude>
    <ClInclude Include="Line.h">
      <Filter>Заголовочные файлы\Figures</Filter>
    </ClInclude>
    <ClInclude Include="Pie.h">
      <Filter>Заголовочные файлы\Figures</Filter>
    </ClInclude>
    <ClInclude Include="Rectangle.h">
      <Filter>Заголовочные файлы\Figures</Filter>
    </ClInclude>
    <ClInclude Include="WindowControl.h">
      <Filter>Заголовочные файлы</Filter>
    </ClInclude>
    <ClInclude Include="FiguresControl.h">
      <Filter>Заголовочные файлы</Filter>
    </ClInclude>
    <ClInclude Include="Singleton.h">
      <Filter>Заголовочные файлы\Templates</Filter>
    </ClInclude>
    <ClInclude Include="targetver.h">
      <Filter>Заголовочные файлы\Default</Filter>
    </ClInclude>
    <ClInclude Include="stdafx.h">
      <Filter>Заголовочные файлы\Default</Filter>
    </ClInclude>
    <ClInclude Include="SmallPaint.h">
      <Filter>Заголовочные файлы\Default</Filter>
    </ClInclude>
    <ClInclude Include="Resource.h">
      <Filter>Заголовочные файлы\Default</Filter>
    </ClInclude>
    <ClInclude Include="Round_Rectangle.h">
      <Filter>Заголовочные файлы\Figures</Filter>
    </ClInclude>
    <ClInclude Include="Triangle.h">
      <Filter>Заголовочные файлы\Figures</Filter>
    </ClInclude>
    <ClInclude Include="Pen.h">
      <Filter>Заголовочные файлы\Figures</Filter>
    </ClInclude>
    <ClInclude Include="AbstractDrawObject.h">
      <Filter>Заголовочные файлы\Figures</Filter>
    </ClInclude>
    <ClInclude Include="LibraryDrawObject.h">
      <Filter>Заголовочные файлы\Figures</Filter>
    </ClInclude>
    <ClInclude Include="Brush.h">
      <Filter>Заголовочные файлы</Filter>
    </ClInclude>
    <ClInclude Include="PolyLine.h">
      <Filter>Заголовочные файлы\Figures</Filter>
    </ClInclude>
    <ClInclude Include="PolyGon.h">
      <Filter>Заголовочные файлы\Figures</Filter>
    </ClInclude>
  </ItemGroup>
  <ItemGroup>
    <ClCompile Include="Ellipse.cpp">
      <Filter>Файлы исходного кода\Figures</Filter>
    </ClCompile>
    <ClCompile Include="Line.cpp">
      <Filter>Файлы исходного кода\Figures</Filter>
    </ClCompile>
    <ClCompile Include="Pie.cpp">
      <Filter>Файлы исходного кода\Figures</Filter>
    </ClCompile>
    <ClCompile Include="PolyLine.cpp">
      <Filter>Файлы исходного кода\Figures</Filter>
    </ClCompile>
    <ClCompile Include="Rectangle.cpp">
      <Filter>Файлы исходного кода\Figures</Filter>
    </ClCompile>
    <ClCompile Include="Round_Rectangle.cpp">
      <Filter>Файлы исходного кода\Figures</Filter>
    </ClCompile>
    <ClCompile Include="Triangle.cpp">
      <Filter>Файлы исходного кода\Figures</Filter>
    </ClCompile>
    <ClCompile Include="Chord.cpp">
      <Filter>Файлы исходного кода\Figures</Filter>
    </ClCompile>
    <ClCompile Include="WindowControl.cpp">
      <Filter>Файлы исходного кода</Filter>
    </ClCompile>
    <ClCompile Include="stdafx.cpp">
      <Filter>Файлы исходного кода\Default</Filter>
    </ClCompile>
    <ClCompile Include="SmallPaint.cpp">
      <Filter>Файлы исходного кода\Default</Filter>
    </ClCompile>
    <ClCompile Include="FiguresControl.cpp">
      <Filter>Файлы исходного кода</Filter>
    </ClCompile>
    <ClCompile Include="AbstractDrawObject.cpp">
      <Filter>Файлы исходного кода\Figures</Filter>
    </ClCompile>
    <ClCompile Include="Brush.cpp">
      <Filter>Файлы исходного кода</Filter>
    </ClCompile>
    <ClCompile Include="PolyGon.cpp">
      <Filter>Файлы исходного кода\Figures</Filter>
    </ClCompile>
  </ItemGroup>
  <ItemGroup>
    <Image Include="small.ico">
      <Filter>Файлы ресурсов</Filter>
    </Image>
    <Image Include="SmallPaint.ico">
      <Filter>Файлы ресурсов</Filter>
    </Image>
  </ItemGroup>
  <ItemGroup>
    <ResourceCompile Include="SmallPaint.rc">
      <Filter>Файлы ресурсов</Filter>
    </ResourceCompile>
  </ItemGroup>
  <ItemGroup>
    <None Include="ClassDiagram.cd" />
  </ItemGroup>
</Project>